<?xml version="1.0" encoding="utf-8"?>
<Project ToolsVersion="4.0" xmlns="http://schemas.microsoft.com/developer/msbuild/2003">
  <ItemGroup>
    <Filter Include="DrEngine">
      <UniqueIdentifier>{D1A6932D-BD73-EE38-E68C-DCE0D2B823C7}</UniqueIdentifier>
    </Filter>
  </ItemGroup>
  <ItemGroup>
    <ClInclude Include="src\DrEngine.h" />
    <ClInclude Include="src\DrEngine\Application.h">
      <Filter>DrEngine</Filter>
    </ClInclude>
    <ClInclude Include="src\DrEngine\Core.h">
      <Filter>DrEngine</Filter>
    </ClInclude>
    <ClInclude Include="src\DrEngine\EntryPoint.h">
      <Filter>DrEngine</Filter>
    </ClInclude>
    <ClInclude Include="src\DrEngine\Log.h">
      <Filter>DrEngine</Filter>
    </ClInclude>
  </ItemGroup>
  <ItemGroup>
    <ClCompile Include="src\DrEngine\Application.cpp">
      <Filter>DrEngine</Filter>
    </ClCompile>
    <ClCompile Include="src\DrEngine\Log.cpp">
      <Filter>DrEngine</Filter>
    </ClCompile>
  </ItemGroup>
</Project>